<?xml version="1.0" encoding="utf-8"?>
<Project ToolsVersion="16.0" xmlns="http://schemas.microsoft.com/developer/msbuild/2003">
  <ItemGroup>
    <CustomBuild Include="C:\Users\iunin\podofo\CMakeFiles\b2b5d3fd4d07ad790f1d557a72e14e1c\INSTALL_force.rule">
      <Filter>CMake Rules</Filter>
    </CustomBuild>
  </ItemGroup>
  <ItemGroup>
    <Filter Include="CMake Rules">
      <UniqueIdentifier>{44BF7566-5FD2-3A71-AD0F-2C83817BEA36}</UniqueIdentifier>
    </Filter>
  </ItemGroup>
</Project>
