<?xml version="1.0" encoding="utf-8"?>
<Project ToolsVersion="16.0" xmlns="http://schemas.microsoft.com/developer/msbuild/2003">
  <ItemGroup>
    <ClCompile Include="C:\Users\75700\source\repos\QT\Dependences\podofo\podofo-src\src\base\PdfArray.cpp" />
    <ClCompile Include="C:\Users\75700\source\repos\QT\Dependences\podofo\podofo-src\src\base\PdfCanvas.cpp" />
    <ClCompile Include="C:\Users\75700\source\repos\QT\Dependences\podofo\podofo-src\src\base\PdfColor.cpp" />
    <ClCompile Include="C:\Users\75700\source\repos\QT\Dependences\podofo\podofo-src\src\base\PdfContentsTokenizer.cpp" />
    <ClCompile Include="C:\Users\75700\source\repos\QT\Dependences\podofo\podofo-src\src\base\PdfData.cpp" />
    <ClCompile Include="C:\Users\75700\source\repos\QT\Dependences\podofo\podofo-src\src\base\PdfDataType.cpp" />
    <ClCompile Include="C:\Users\75700\source\repos\QT\Dependences\podofo\podofo-src\src\base\PdfDate.cpp" />
    <ClCompile Include="C:\Users\75700\source\repos\QT\Dependences\podofo\podofo-src\src\base\PdfDictionary.cpp" />
    <ClCompile Include="C:\Users\75700\source\repos\QT\Dependences\podofo\podofo-src\src\base\PdfEncoding.cpp" />
    <ClCompile Include="C:\Users\75700\source\repos\QT\Dependences\podofo\podofo-src\src\base\PdfEncodingFactory.cpp" />
    <ClCompile Include="C:\Users\75700\source\repos\QT\Dependences\podofo\podofo-src\src\base\PdfEncrypt.cpp" />
    <ClCompile Include="C:\Users\75700\source\repos\QT\Dependences\podofo\podofo-src\src\base\PdfError.cpp" />
    <ClCompile Include="C:\Users\75700\source\repos\QT\Dependences\podofo\podofo-src\src\base\PdfFileStream.cpp" />
    <ClCompile Include="C:\Users\75700\source\repos\QT\Dependences\podofo\podofo-src\src\base\PdfFilter.cpp" />
    <ClCompile Include="C:\Users\75700\source\repos\QT\Dependences\podofo\podofo-src\src\base\PdfFiltersPrivate.cpp" />
    <ClCompile Include="C:\Users\75700\source\repos\QT\Dependences\podofo\podofo-src\src\base\PdfImmediateWriter.cpp" />
    <ClCompile Include="C:\Users\75700\source\repos\QT\Dependences\podofo\podofo-src\src\base\PdfInputDevice.cpp" />
    <ClCompile Include="C:\Users\75700\source\repos\QT\Dependences\podofo\podofo-src\src\base\PdfInputStream.cpp" />
    <ClCompile Include="C:\Users\75700\source\repos\QT\Dependences\podofo\podofo-src\src\base\PdfLocale.cpp" />
    <ClCompile Include="C:\Users\75700\source\repos\QT\Dependences\podofo\podofo-src\src\base\PdfMemStream.cpp" />
    <ClCompile Include="C:\Users\75700\source\repos\QT\Dependences\podofo\podofo-src\src\base\PdfMemoryManagement.cpp" />
    <ClCompile Include="C:\Users\75700\source\repos\QT\Dependences\podofo\podofo-src\src\base\PdfName.cpp" />
    <ClCompile Include="C:\Users\75700\source\repos\QT\Dependences\podofo\podofo-src\src\base\PdfObject.cpp" />
    <ClCompile Include="C:\Users\75700\source\repos\QT\Dependences\podofo\podofo-src\src\base\PdfObjectStreamParserObject.cpp" />
    <ClCompile Include="C:\Users\75700\source\repos\QT\Dependences\podofo\podofo-src\src\base\PdfOutputDevice.cpp" />
    <ClCompile Include="C:\Users\75700\source\repos\QT\Dependences\podofo\podofo-src\src\base\PdfOutputStream.cpp" />
    <ClCompile Include="C:\Users\75700\source\repos\QT\Dependences\podofo\podofo-src\src\base\PdfParser.cpp" />
    <ClCompile Include="C:\Users\75700\source\repos\QT\Dependences\podofo\podofo-src\src\base\PdfParserObject.cpp" />
    <ClCompile Include="C:\Users\75700\source\repos\QT\Dependences\podofo\podofo-src\src\base\PdfRect.cpp" />
    <ClCompile Include="C:\Users\75700\source\repos\QT\Dependences\podofo\podofo-src\src\base\PdfRefCountedBuffer.cpp" />
    <ClCompile Include="C:\Users\75700\source\repos\QT\Dependences\podofo\podofo-src\src\base\PdfRefCountedInputDevice.cpp" />
    <ClCompile Include="C:\Users\75700\source\repos\QT\Dependences\podofo\podofo-src\src\base\PdfReference.cpp" />
    <ClCompile Include="C:\Users\75700\source\repos\QT\Dependences\podofo\podofo-src\src\base\PdfStream.cpp" />
    <ClCompile Include="C:\Users\75700\source\repos\QT\Dependences\podofo\podofo-src\src\base\PdfString.cpp" />
    <ClCompile Include="C:\Users\75700\source\repos\QT\Dependences\podofo\podofo-src\src\base\PdfTokenizer.cpp" />
    <ClCompile Include="C:\Users\75700\source\repos\QT\Dependences\podofo\podofo-src\src\base\PdfVariant.cpp" />
    <ClCompile Include="C:\Users\75700\source\repos\QT\Dependences\podofo\podofo-src\src\base\PdfVecObjects.cpp" />
    <ClCompile Include="C:\Users\75700\source\repos\QT\Dependences\podofo\podofo-src\src\base\PdfWriter.cpp" />
    <ClCompile Include="C:\Users\75700\source\repos\QT\Dependences\podofo\podofo-src\src\base\PdfXRef.cpp" />
    <ClCompile Include="C:\Users\75700\source\repos\QT\Dependences\podofo\podofo-src\src\base\PdfXRefStream.cpp" />
    <ClCompile Include="C:\Users\75700\source\repos\QT\Dependences\podofo\podofo-src\src\base\PdfXRefStreamParserObject.cpp" />
    <ClCompile Include="C:\Users\75700\source\repos\QT\Dependences\podofo\podofo-src\src\doc\PdfAcroForm.cpp" />
    <ClCompile Include="C:\Users\75700\source\repos\QT\Dependences\podofo\podofo-src\src\doc\PdfAction.cpp" />
    <ClCompile Include="C:\Users\75700\source\repos\QT\Dependences\podofo\podofo-src\src\doc\PdfAnnotation.cpp" />
    <ClCompile Include="C:\Users\75700\source\repos\QT\Dependences\podofo\podofo-src\src\doc\PdfCMapEncoding.cpp" />
    <ClCompile Include="C:\Users\75700\source\repos\QT\Dependences\podofo\podofo-src\src\doc\PdfContents.cpp" />
    <ClCompile Include="C:\Users\75700\source\repos\QT\Dependences\podofo\podofo-src\src\doc\PdfDestination.cpp" />
    <ClCompile Include="C:\Users\75700\source\repos\QT\Dependences\podofo\podofo-src\src\doc\PdfDifferenceEncoding.cpp" />
    <ClCompile Include="C:\Users\75700\source\repos\QT\Dependences\podofo\podofo-src\src\doc\PdfDocument.cpp" />
    <ClCompile Include="C:\Users\75700\source\repos\QT\Dependences\podofo\podofo-src\src\doc\PdfElement.cpp" />
    <ClCompile Include="C:\Users\75700\source\repos\QT\Dependences\podofo\podofo-src\src\doc\PdfEncodingObjectFactory.cpp" />
    <ClCompile Include="C:\Users\75700\source\repos\QT\Dependences\podofo\podofo-src\src\doc\PdfExtGState.cpp" />
    <ClCompile Include="C:\Users\75700\source\repos\QT\Dependences\podofo\podofo-src\src\doc\PdfField.cpp" />
    <ClCompile Include="C:\Users\75700\source\repos\QT\Dependences\podofo\podofo-src\src\doc\PdfFileSpec.cpp" />
    <ClCompile Include="C:\Users\75700\source\repos\QT\Dependences\podofo\podofo-src\src\doc\PdfFont.cpp" />
    <ClCompile Include="C:\Users\75700\source\repos\QT\Dependences\podofo\podofo-src\src\doc\PdfFontCID.cpp" />
    <ClCompile Include="C:\Users\75700\source\repos\QT\Dependences\podofo\podofo-src\src\doc\PdfFontCache.cpp" />
    <ClCompile Include="C:\Users\75700\source\repos\QT\Dependences\podofo\podofo-src\src\doc\PdfFontConfigWrapper.cpp" />
    <ClCompile Include="C:\Users\75700\source\repos\QT\Dependences\podofo\podofo-src\src\doc\PdfFontFactory.cpp" />
    <ClCompile Include="C:\Users\75700\source\repos\QT\Dependences\podofo\podofo-src\src\doc\PdfFontMetrics.cpp" />
    <ClCompile Include="C:\Users\75700\source\repos\QT\Dependences\podofo\podofo-src\src\doc\PdfFontMetricsBase14.cpp" />
    <ClCompile Include="C:\Users\75700\source\repos\QT\Dependences\podofo\podofo-src\src\doc\PdfFontMetricsFreetype.cpp" />
    <ClCompile Include="C:\Users\75700\source\repos\QT\Dependences\podofo\podofo-src\src\doc\PdfFontMetricsObject.cpp" />
    <ClCompile Include="C:\Users\75700\source\repos\QT\Dependences\podofo\podofo-src\src\doc\PdfFontSimple.cpp" />
    <ClCompile Include="C:\Users\75700\source\repos\QT\Dependences\podofo\podofo-src\src\doc\PdfFontTTFSubset.cpp" />
    <ClCompile Include="C:\Users\75700\source\repos\QT\Dependences\podofo\podofo-src\src\doc\PdfFontTrueType.cpp" />
    <ClCompile Include="C:\Users\75700\source\repos\QT\Dependences\podofo\podofo-src\src\doc\PdfFontType1.cpp" />
    <ClCompile Include="C:\Users\75700\source\repos\QT\Dependences\podofo\podofo-src\src\doc\PdfFontType3.cpp" />
    <ClCompile Include="C:\Users\75700\source\repos\QT\Dependences\podofo\podofo-src\src\doc\PdfFontType1Base14.cpp" />
    <ClCompile Include="C:\Users\75700\source\repos\QT\Dependences\podofo\podofo-src\src\doc\PdfFunction.cpp" />
    <ClCompile Include="C:\Users\75700\source\repos\QT\Dependences\podofo\podofo-src\src\doc\PdfHintStream.cpp" />
    <ClCompile Include="C:\Users\75700\source\repos\QT\Dependences\podofo\podofo-src\src\doc\PdfIdentityEncoding.cpp" />
    <ClCompile Include="C:\Users\75700\source\repos\QT\Dependences\podofo\podofo-src\src\doc\PdfImage.cpp" />
    <ClCompile Include="C:\Users\75700\source\repos\QT\Dependences\podofo\podofo-src\src\doc\PdfInfo.cpp" />
    <ClCompile Include="C:\Users\75700\source\repos\QT\Dependences\podofo\podofo-src\src\doc\PdfMemDocument.cpp" />
    <ClCompile Include="C:\Users\75700\source\repos\QT\Dependences\podofo\podofo-src\src\doc\PdfNamesTree.cpp" />
    <ClCompile Include="C:\Users\75700\source\repos\QT\Dependences\podofo\podofo-src\src\doc\PdfOutlines.cpp" />
    <ClCompile Include="C:\Users\75700\source\repos\QT\Dependences\podofo\podofo-src\src\doc\PdfPage.cpp" />
    <ClCompile Include="C:\Users\75700\source\repos\QT\Dependences\podofo\podofo-src\src\doc\PdfPagesTree.cpp" />
    <ClCompile Include="C:\Users\75700\source\repos\QT\Dependences\podofo\podofo-src\src\doc\PdfPagesTreeCache.cpp" />
    <ClCompile Include="C:\Users\75700\source\repos\QT\Dependences\podofo\podofo-src\src\doc\PdfPainter.cpp" />
    <ClCompile Include="C:\Users\75700\source\repos\QT\Dependences\podofo\podofo-src\src\doc\PdfPainterMM.cpp" />
    <ClCompile Include="C:\Users\75700\source\repos\QT\Dependences\podofo\podofo-src\src\doc\PdfShadingPattern.cpp" />
    <ClCompile Include="C:\Users\75700\source\repos\QT\Dependences\podofo\podofo-src\src\doc\PdfSignOutputDevice.cpp" />
    <ClCompile Include="C:\Users\75700\source\repos\QT\Dependences\podofo\podofo-src\src\doc\PdfSignatureField.cpp" />
    <ClCompile Include="C:\Users\75700\source\repos\QT\Dependences\podofo\podofo-src\src\doc\PdfStreamedDocument.cpp" />
    <ClCompile Include="C:\Users\75700\source\repos\QT\Dependences\podofo\podofo-src\src\doc\PdfTable.cpp" />
    <ClCompile Include="C:\Users\75700\source\repos\QT\Dependences\podofo\podofo-src\src\doc\PdfTilingPattern.cpp" />
    <ClCompile Include="C:\Users\75700\source\repos\QT\Dependences\podofo\podofo-src\src\doc\PdfXObject.cpp" />
  </ItemGroup>
  <ItemGroup>
    <ClInclude Include="C:\Users\75700\source\repos\QT\Dependences\podofo\podofo-src\src\podofo-base.h" />
    <ClInclude Include="C:\Users\75700\source\repos\QT\Dependences\podofo\podofo-src\src\podofo.h" />
    <ClInclude Include="C:\Users\75700\source\repos\QT\Dependences\podofo\podofo_config.h" />
    <ClInclude Include="C:\Users\75700\source\repos\QT\Dependences\podofo\podofo-src\src\base\Pdf3rdPtyForwardDecl.h" />
    <ClInclude Include="C:\Users\75700\source\repos\QT\Dependences\podofo\podofo-src\src\base\PdfArray.h" />
    <ClInclude Include="C:\Users\75700\source\repos\QT\Dependences\podofo\podofo-src\src\base\PdfCanvas.h" />
    <ClInclude Include="C:\Users\75700\source\repos\QT\Dependences\podofo\podofo-src\src\base\PdfColor.h" />
    <ClInclude Include="C:\Users\75700\source\repos\QT\Dependences\podofo\podofo-src\src\base\PdfCompilerCompat.h" />
    <ClInclude Include="C:\Users\75700\source\repos\QT\Dependences\podofo\podofo-src\src\base\PdfCompilerCompatPrivate.h" />
    <ClInclude Include="C:\Users\75700\source\repos\QT\Dependences\podofo\podofo-src\src\base\PdfContentsTokenizer.h" />
    <ClInclude Include="C:\Users\75700\source\repos\QT\Dependences\podofo\podofo-src\src\base\PdfData.h" />
    <ClInclude Include="C:\Users\75700\source\repos\QT\Dependences\podofo\podofo-src\src\base\PdfDataType.h" />
    <ClInclude Include="C:\Users\75700\source\repos\QT\Dependences\podofo\podofo-src\src\base\PdfDate.h" />
    <ClInclude Include="C:\Users\75700\source\repos\QT\Dependences\podofo\podofo-src\src\base\PdfDefines.h" />
    <ClInclude Include="C:\Users\75700\source\repos\QT\Dependences\podofo\podofo-src\src\base\PdfDefinesPrivate.h" />
    <ClInclude Include="C:\Users\75700\source\repos\QT\Dependences\podofo\podofo-src\src\base\PdfDictionary.h" />
    <ClInclude Include="C:\Users\75700\source\repos\QT\Dependences\podofo\podofo-src\src\base\PdfEncoding.h" />
    <ClInclude Include="C:\Users\75700\source\repos\QT\Dependences\podofo\podofo-src\src\base\PdfEncodingFactory.h" />
    <ClInclude Include="C:\Users\75700\source\repos\QT\Dependences\podofo\podofo-src\src\base\PdfEncrypt.h" />
    <ClInclude Include="C:\Users\75700\source\repos\QT\Dependences\podofo\podofo-src\src\base\PdfExtension.h" />
    <ClInclude Include="C:\Users\75700\source\repos\QT\Dependences\podofo\podofo-src\src\base\PdfError.h" />
    <ClInclude Include="C:\Users\75700\source\repos\QT\Dependences\podofo\podofo-src\src\base\PdfFileStream.h" />
    <ClInclude Include="C:\Users\75700\source\repos\QT\Dependences\podofo\podofo-src\src\base\PdfFilter.h" />
    <ClInclude Include="C:\Users\75700\source\repos\QT\Dependences\podofo\podofo-src\src\base\PdfFiltersPrivate.h" />
    <ClInclude Include="C:\Users\75700\source\repos\QT\Dependences\podofo\podofo-src\src\base\PdfImmediateWriter.h" />
    <ClInclude Include="C:\Users\75700\source\repos\QT\Dependences\podofo\podofo-src\src\base\PdfInputDevice.h" />
    <ClInclude Include="C:\Users\75700\source\repos\QT\Dependences\podofo\podofo-src\src\base\PdfInputStream.h" />
    <ClInclude Include="C:\Users\75700\source\repos\QT\Dependences\podofo\podofo-src\src\base\PdfLocale.h" />
    <ClInclude Include="C:\Users\75700\source\repos\QT\Dependences\podofo\podofo-src\src\base\PdfMemStream.h" />
    <ClInclude Include="C:\Users\75700\source\repos\QT\Dependences\podofo\podofo-src\src\base\PdfMemoryManagement.h" />
    <ClInclude Include="C:\Users\75700\source\repos\QT\Dependences\podofo\podofo-src\src\base\PdfName.h" />
    <ClInclude Include="C:\Users\75700\source\repos\QT\Dependences\podofo\podofo-src\src\base\PdfObject.h" />
    <ClInclude Include="C:\Users\75700\source\repos\QT\Dependences\podofo\podofo-src\src\base\PdfObjectStreamParserObject.h" />
    <ClInclude Include="C:\Users\75700\source\repos\QT\Dependences\podofo\podofo-src\src\base\PdfOutputDevice.h" />
    <ClInclude Include="C:\Users\75700\source\repos\QT\Dependences\podofo\podofo-src\src\base\PdfOutputStream.h" />
    <ClInclude Include="C:\Users\75700\source\repos\QT\Dependences\podofo\podofo-src\src\base\PdfParser.h" />
    <ClInclude Include="C:\Users\75700\source\repos\QT\Dependences\podofo\podofo-src\src\base\PdfParserObject.h" />
    <ClInclude Include="C:\Users\75700\source\repos\QT\Dependences\podofo\podofo-src\src\base\PdfRect.h" />
    <ClInclude Include="C:\Users\75700\source\repos\QT\Dependences\podofo\podofo-src\src\base\PdfRefCountedBuffer.h" />
    <ClInclude Include="C:\Users\75700\source\repos\QT\Dependences\podofo\podofo-src\src\base\PdfRefCountedInputDevice.h" />
    <ClInclude Include="C:\Users\75700\source\repos\QT\Dependences\podofo\podofo-src\src\base\PdfReference.h" />
    <ClInclude Include="C:\Users\75700\source\repos\QT\Dependences\podofo\podofo-src\src\base\PdfStream.h" />
    <ClInclude Include="C:\Users\75700\source\repos\QT\Dependences\podofo\podofo-src\src\base\PdfString.h" />
    <ClInclude Include="C:\Users\75700\source\repos\QT\Dependences\podofo\podofo-src\src\base\PdfTokenizer.h" />
    <ClInclude Include="C:\Users\75700\source\repos\QT\Dependences\podofo\podofo-src\src\base\PdfVariant.h" />
    <ClInclude Include="C:\Users\75700\source\repos\QT\Dependences\podofo\podofo-src\src\base\PdfVecObjects.h" />
    <ClInclude Include="C:\Users\75700\source\repos\QT\Dependences\podofo\podofo-src\src\base\PdfVersion.h" />
    <ClInclude Include="C:\Users\75700\source\repos\QT\Dependences\podofo\podofo-src\src\base\PdfWriter.h" />
    <ClInclude Include="C:\Users\75700\source\repos\QT\Dependences\podofo\podofo-src\src\base\PdfXRef.h" />
    <ClInclude Include="C:\Users\75700\source\repos\QT\Dependences\podofo\podofo-src\src\base\PdfXRefStream.h" />
    <ClInclude Include="C:\Users\75700\source\repos\QT\Dependences\podofo\podofo-src\src\base\PdfXRefStreamParserObject.h" />
    <ClInclude Include="C:\Users\75700\source\repos\QT\Dependences\podofo\podofo-src\src\base\podofoapi.h" />
    <ClInclude Include="C:\Users\75700\source\repos\QT\Dependences\podofo\podofo-src\src\base\util\PdfMutex.h" />
    <ClInclude Include="C:\Users\75700\source\repos\QT\Dependences\podofo\podofo-src\src\base\util\PdfMutexImpl_noop.h" />
    <ClInclude Include="C:\Users\75700\source\repos\QT\Dependences\podofo\podofo-src\src\base\util\PdfMutexImpl_win32.h" />
    <ClInclude Include="C:\Users\75700\source\repos\QT\Dependences\podofo\podofo-src\src\base\util\PdfMutexImpl_pthread.h" />
    <ClInclude Include="C:\Users\75700\source\repos\QT\Dependences\podofo\podofo-src\src\base\util\PdfMutexWrapper.h" />
    <ClInclude Include="C:\Users\75700\source\repos\QT\Dependences\podofo\podofo-src\src\doc\PdfAcroForm.h" />
    <ClInclude Include="C:\Users\75700\source\repos\QT\Dependences\podofo\podofo-src\src\doc\PdfAction.h" />
    <ClInclude Include="C:\Users\75700\source\repos\QT\Dependences\podofo\podofo-src\src\doc\PdfAnnotation.h" />
    <ClInclude Include="C:\Users\75700\source\repos\QT\Dependences\podofo\podofo-src\src\doc\PdfCMapEncoding.h" />
    <ClInclude Include="C:\Users\75700\source\repos\QT\Dependences\podofo\podofo-src\src\doc\PdfContents.h" />
    <ClInclude Include="C:\Users\75700\source\repos\QT\Dependences\podofo\podofo-src\src\doc\PdfDestination.h" />
    <ClInclude Include="C:\Users\75700\source\repos\QT\Dependences\podofo\podofo-src\src\doc\PdfDifferenceEncoding.h" />
    <ClInclude Include="C:\Users\75700\source\repos\QT\Dependences\podofo\podofo-src\src\doc\PdfDocument.h" />
    <ClInclude Include="C:\Users\75700\source\repos\QT\Dependences\podofo\podofo-src\src\doc\PdfElement.h" />
    <ClInclude Include="C:\Users\75700\source\repos\QT\Dependences\podofo\podofo-src\src\doc\PdfEncodingObjectFactory.h" />
    <ClInclude Include="C:\Users\75700\source\repos\QT\Dependences\podofo\podofo-src\src\doc\PdfExtGState.h" />
    <ClInclude Include="C:\Users\75700\source\repos\QT\Dependences\podofo\podofo-src\src\doc\PdfField.h" />
    <ClInclude Include="C:\Users\75700\source\repos\QT\Dependences\podofo\podofo-src\src\doc\PdfFileSpec.h" />
    <ClInclude Include="C:\Users\75700\source\repos\QT\Dependences\podofo\podofo-src\src\doc\PdfFont.h" />
    <ClInclude Include="C:\Users\75700\source\repos\QT\Dependences\podofo\podofo-src\src\doc\PdfFontCID.h" />
    <ClInclude Include="C:\Users\75700\source\repos\QT\Dependences\podofo\podofo-src\src\doc\PdfFontCache.h" />
    <ClInclude Include="C:\Users\75700\source\repos\QT\Dependences\podofo\podofo-src\src\doc\PdfFontConfigWrapper.h" />
    <ClInclude Include="C:\Users\75700\source\repos\QT\Dependences\podofo\podofo-src\src\doc\PdfFontFactory.h" />
    <ClInclude Include="C:\Users\75700\source\repos\QT\Dependences\podofo\podofo-src\src\doc\PdfFontFactoryBase14Data.h" />
    <ClInclude Include="C:\Users\75700\source\repos\QT\Dependences\podofo\podofo-src\src\doc\PdfFontMetrics.h" />
    <ClInclude Include="C:\Users\75700\source\repos\QT\Dependences\podofo\podofo-src\src\doc\PdfFontMetricsBase14.h" />
    <ClInclude Include="C:\Users\75700\source\repos\QT\Dependences\podofo\podofo-src\src\doc\PdfFontMetricsFreetype.h" />
    <ClInclude Include="C:\Users\75700\source\repos\QT\Dependences\podofo\podofo-src\src\doc\PdfFontMetricsObject.h" />
    <ClInclude Include="C:\Users\75700\source\repos\QT\Dependences\podofo\podofo-src\src\doc\PdfFontSimple.h" />
    <ClInclude Include="C:\Users\75700\source\repos\QT\Dependences\podofo\podofo-src\src\doc\PdfFontTTFSubset.h" />
    <ClInclude Include="C:\Users\75700\source\repos\QT\Dependences\podofo\podofo-src\src\doc\PdfFontTrueType.h" />
    <ClInclude Include="C:\Users\75700\source\repos\QT\Dependences\podofo\podofo-src\src\doc\PdfFontType1.h" />
    <ClInclude Include="C:\Users\75700\source\repos\QT\Dependences\podofo\podofo-src\src\doc\PdfFontType3.h" />
    <ClInclude Include="C:\Users\75700\source\repos\QT\Dependences\podofo\podofo-src\src\doc\PdfFontType1Base14.h" />
    <ClInclude Include="C:\Users\75700\source\repos\QT\Dependences\podofo\podofo-src\src\doc\PdfFunction.h" />
    <ClInclude Include="C:\Users\75700\source\repos\QT\Dependences\podofo\podofo-src\src\doc\PdfHintStream.h" />
    <ClInclude Include="C:\Users\75700\source\repos\QT\Dependences\podofo\podofo-src\src\doc\PdfIdentityEncoding.h" />
    <ClInclude Include="C:\Users\75700\source\repos\QT\Dependences\podofo\podofo-src\src\doc\PdfImage.h" />
    <ClInclude Include="C:\Users\75700\source\repos\QT\Dependences\podofo\podofo-src\src\doc\PdfInfo.h" />
    <ClInclude Include="C:\Users\75700\source\repos\QT\Dependences\podofo\podofo-src\src\doc\PdfMemDocument.h" />
    <ClInclude Include="C:\Users\75700\source\repos\QT\Dependences\podofo\podofo-src\src\doc\PdfNamesTree.h" />
    <ClInclude Include="C:\Users\75700\source\repos\QT\Dependences\podofo\podofo-src\src\doc\PdfOutlines.h" />
    <ClInclude Include="C:\Users\75700\source\repos\QT\Dependences\podofo\podofo-src\src\doc\PdfPage.h" />
    <ClInclude Include="C:\Users\75700\source\repos\QT\Dependences\podofo\podofo-src\src\doc\PdfPagesTree.h" />
    <ClInclude Include="C:\Users\75700\source\repos\QT\Dependences\podofo\podofo-src\src\doc\PdfPagesTreeCache.h" />
    <ClInclude Include="C:\Users\75700\source\repos\QT\Dependences\podofo\podofo-src\src\doc\PdfPainter.h" />
    <ClInclude Include="C:\Users\75700\source\repos\QT\Dependences\podofo\podofo-src\src\doc\PdfPainterMM.h" />
    <ClInclude Include="C:\Users\75700\source\repos\QT\Dependences\podofo\podofo-src\src\doc\PdfShadingPattern.h" />
    <ClInclude Include="C:\Users\75700\source\repos\QT\Dependences\podofo\podofo-src\src\doc\PdfSignOutputDevice.h" />
    <ClInclude Include="C:\Users\75700\source\repos\QT\Dependences\podofo\podofo-src\src\doc\PdfSignatureField.h" />
    <ClInclude Include="C:\Users\75700\source\repos\QT\Dependences\podofo\podofo-src\src\doc\PdfStreamedDocument.h" />
    <ClInclude Include="C:\Users\75700\source\repos\QT\Dependences\podofo\podofo-src\src\doc\PdfTable.h" />
    <ClInclude Include="C:\Users\75700\source\repos\QT\Dependences\podofo\podofo-src\src\doc\PdfTilingPattern.h" />
    <ClInclude Include="C:\Users\75700\source\repos\QT\Dependences\podofo\podofo-src\src\doc\PdfXObject.h" />
  </ItemGroup>
  <ItemGroup>
    <CustomBuild Include="C:\Users\75700\source\repos\QT\Dependences\podofo\podofo-src\src\CMakeLists.txt" />
  </ItemGroup>
  <ItemGroup>
    <None Include="C:\Users\75700\source\repos\QT\Dependences\podofo\podofo-src\src\doc\podofo-doc.rc" />
  </ItemGroup>
  <ItemGroup>
    <Filter Include="Header Files">
      <UniqueIdentifier>{60822CC4-27DC-3D64-A82E-65F868D32270}</UniqueIdentifier>
    </Filter>
    <Filter Include="Source Files">
      <UniqueIdentifier>{95D08530-686D-3F75-9B40-4A4EF41EAFC9}</UniqueIdentifier>
    </Filter>
  </ItemGroup>
</Project>