<?xml version="1.0" encoding="utf-8"?>
<Project ToolsVersion="16.0" xmlns="http://schemas.microsoft.com/developer/msbuild/2003">
  <ItemGroup>
    <ClCompile Include="C:\Users\iunin\podofo\podofo-src\tools\podofocolor\podofocolor.cpp">
      <Filter>Source Files</Filter>
    </ClCompile>
    <ClCompile Include="C:\Users\iunin\podofo\podofo-src\tools\podofocolor\colorchanger.cpp">
      <Filter>Source Files</Filter>
    </ClCompile>
    <ClCompile Include="C:\Users\iunin\podofo\podofo-src\tools\podofocolor\colorspace.cpp">
      <Filter>Source Files</Filter>
    </ClCompile>
    <ClCompile Include="C:\Users\iunin\podofo\podofo-src\tools\podofocolor\graphicsstack.cpp">
      <Filter>Source Files</Filter>
    </ClCompile>
    <ClCompile Include="C:\Users\iunin\podofo\podofo-src\tools\podofocolor\iconverter.cpp">
      <Filter>Source Files</Filter>
    </ClCompile>
    <ClCompile Include="C:\Users\iunin\podofo\podofo-src\tools\podofocolor\dummyconverter.cpp">
      <Filter>Source Files</Filter>
    </ClCompile>
    <ClCompile Include="C:\Users\iunin\podofo\podofo-src\tools\podofocolor\grayscaleconverter.cpp">
      <Filter>Source Files</Filter>
    </ClCompile>
  </ItemGroup>
  <ItemGroup>
    <CustomBuild Include="C:\Users\iunin\podofo\podofo-src\tools\podofocolor\CMakeLists.txt" />
  </ItemGroup>
  <ItemGroup>
    <Filter Include="Source Files">
      <UniqueIdentifier>{95D08530-686D-3F75-9B40-4A4EF41EAFC9}</UniqueIdentifier>
    </Filter>
  </ItemGroup>
</Project>
